
Microsoft Visual Studio Solution File, Format Version 12.00
# Visual Studio Version 17
VisualStudioVersion = 17.3.32922.545
MinimumVisualStudioVersion = 10.0.40219.1
Project("{8BC9CEB8-8B4A-11D0-8D11-00A0C91BC942}") = "lab13.2.1", "lab13.2.vcxproj", "{A43C6F48-5D4A-464E-9729-885FA4AFA96C}"
EndProject
Project("{8BC9CEB8-8B4A-11D0-8D11-00A0C91BC942}") = "UnitTest1", "UnitTest1\UnitTest1.vcxproj", "{8452966B-7B0D-426C-8362-2413FD451788}"
EndProject
Global
	GlobalSection(SolutionConfigurationPlatforms) = preSolution
		Debug|x64 = Debug|x64
		Debug|x86 = Debug|x86
		Release|x64 = Release|x64
		Release|x86 = Release|x86
	EndGlobalSection
	GlobalSection(ProjectConfigurationPlatforms) = postSolution
		{A43C6F48-5D4A-464E-9729-885FA4AFA96C}.Debug|x64.ActiveCfg = Debug|x64
		{A43C6F48-5D4A-464E-9729-885FA4AFA96C}.Debug|x64.Build.0 = Debug|x64
		{A43C6F48-5D4A-464E-9729-885FA4AFA96C}.Debug|x86.ActiveCfg = Debug|Win32
		{A43C6F48-5D4A-464E-9729-885FA4AFA96C}.Debug|x86.Build.0 = Debug|Win32
		{A43C6F48-5D4A-464E-9729-885FA4AFA96C}.Release|x64.ActiveCfg = Release|x64
		{A43C6F48-5D4A-464E-9729-885FA4AFA96C}.Release|x64.Build.0 = Release|x64
		{A43C6F48-5D4A-464E-9729-885FA4AFA96C}.Release|x86.ActiveCfg = Release|Win32
		{A43C6F48-5D4A-464E-9729-885FA4AFA96C}.Release|x86.Build.0 = Release|Win32
		{8452966B-7B0D-426C-8362-2413FD451788}.Debug|x64.ActiveCfg = Debug|x64
		{8452966B-7B0D-426C-8362-2413FD451788}.Debug|x64.Build.0 = Debug|x64
		{8452966B-7B0D-426C-8362-2413FD451788}.Debug|x86.ActiveCfg = Debug|Win32
		{8452966B-7B0D-426C-8362-2413FD451788}.Debug|x86.Build.0 = Debug|Win32
		{8452966B-7B0D-426C-8362-2413FD451788}.Release|x64.ActiveCfg = Release|x64
		{8452966B-7B0D-426C-8362-2413FD451788}.Release|x64.Build.0 = Release|x64
		{8452966B-7B0D-426C-8362-2413FD451788}.Release|x86.ActiveCfg = Release|Win32
		{8452966B-7B0D-426C-8362-2413FD451788}.Release|x86.Build.0 = Release|Win32
	EndGlobalSection
	GlobalSection(SolutionProperties) = preSolution
		HideSolutionNode = FALSE
	EndGlobalSection
	GlobalSection(ExtensibilityGlobals) = postSolution
		SolutionGuid = {2C9A470E-DB15-4A4F-A54F-DCCFF7004488}
	EndGlobalSection
EndGlobal
