
Microsoft Visual Studio Solution File, Format Version 12.00
# Visual Studio Version 17
VisualStudioVersion = 17.3.32922.545
MinimumVisualStudioVersion = 10.0.40219.1
Project("{8BC9CEB8-8B4A-11D0-8D11-00A0C91BC942}") = "lab13.1", "lab13.1.vcxproj", "{FC43265A-5C11-4C90-94CB-11367181826B}"
EndProject
Project("{8BC9CEB8-8B4A-11D0-8D11-00A0C91BC942}") = "UnitTest1", "UnitTest1\UnitTest1.vcxproj", "{2B29B6BB-D313-4975-9DA4-3FAD86FCBB00}"
EndProject
Project("{8BC9CEB8-8B4A-11D0-8D11-00A0C91BC942}") = "UnitTest2", "UnitTest2\UnitTest2.vcxproj", "{01ED9B1F-225C-435C-96FF-04B309B53E52}"
EndProject
Global
	GlobalSection(SolutionConfigurationPlatforms) = preSolution
		Debug|x64 = Debug|x64
		Debug|x86 = Debug|x86
		Release|x64 = Release|x64
		Release|x86 = Release|x86
	EndGlobalSection
	GlobalSection(ProjectConfigurationPlatforms) = postSolution
		{FC43265A-5C11-4C90-94CB-11367181826B}.Debug|x64.ActiveCfg = Debug|x64
		{FC43265A-5C11-4C90-94CB-11367181826B}.Debug|x64.Build.0 = Debug|x64
		{FC43265A-5C11-4C90-94CB-11367181826B}.Debug|x86.ActiveCfg = Debug|Win32
		{FC43265A-5C11-4C90-94CB-11367181826B}.Debug|x86.Build.0 = Debug|Win32
		{FC43265A-5C11-4C90-94CB-11367181826B}.Release|x64.ActiveCfg = Release|x64
		{FC43265A-5C11-4C90-94CB-11367181826B}.Release|x64.Build.0 = Release|x64
		{FC43265A-5C11-4C90-94CB-11367181826B}.Release|x86.ActiveCfg = Release|Win32
		{FC43265A-5C11-4C90-94CB-11367181826B}.Release|x86.Build.0 = Release|Win32
		{2B29B6BB-D313-4975-9DA4-3FAD86FCBB00}.Debug|x64.ActiveCfg = Debug|x64
		{2B29B6BB-D313-4975-9DA4-3FAD86FCBB00}.Debug|x64.Build.0 = Debug|x64
		{2B29B6BB-D313-4975-9DA4-3FAD86FCBB00}.Debug|x86.ActiveCfg = Debug|Win32
		{2B29B6BB-D313-4975-9DA4-3FAD86FCBB00}.Debug|x86.Build.0 = Debug|Win32
		{2B29B6BB-D313-4975-9DA4-3FAD86FCBB00}.Release|x64.ActiveCfg = Release|x64
		{2B29B6BB-D313-4975-9DA4-3FAD86FCBB00}.Release|x64.Build.0 = Release|x64
		{2B29B6BB-D313-4975-9DA4-3FAD86FCBB00}.Release|x86.ActiveCfg = Release|Win32
		{2B29B6BB-D313-4975-9DA4-3FAD86FCBB00}.Release|x86.Build.0 = Release|Win32
		{01ED9B1F-225C-435C-96FF-04B309B53E52}.Debug|x64.ActiveCfg = Debug|x64
		{01ED9B1F-225C-435C-96FF-04B309B53E52}.Debug|x64.Build.0 = Debug|x64
		{01ED9B1F-225C-435C-96FF-04B309B53E52}.Debug|x86.ActiveCfg = Debug|Win32
		{01ED9B1F-225C-435C-96FF-04B309B53E52}.Debug|x86.Build.0 = Debug|Win32
		{01ED9B1F-225C-435C-96FF-04B309B53E52}.Release|x64.ActiveCfg = Release|x64
		{01ED9B1F-225C-435C-96FF-04B309B53E52}.Release|x64.Build.0 = Release|x64
		{01ED9B1F-225C-435C-96FF-04B309B53E52}.Release|x86.ActiveCfg = Release|Win32
		{01ED9B1F-225C-435C-96FF-04B309B53E52}.Release|x86.Build.0 = Release|Win32
	EndGlobalSection
	GlobalSection(SolutionProperties) = preSolution
		HideSolutionNode = FALSE
	EndGlobalSection
	GlobalSection(ExtensibilityGlobals) = postSolution
		SolutionGuid = {C2FB7994-CB06-4DFC-8845-C89FB0B5FB4A}
	EndGlobalSection
EndGlobal
